{"is_source_file": false, "format": "", "description": "", "external_files": [], "external_methods": [], "published": [], "classes": [], "methods": [], "calls": [], "search-terms": [], "state": 2, "file_id": 32, "knowledge_revision": 77, "git_revision": "288894affa337c4a62361521a4f025bf60c5a769", "hash": "e9b4c3b42cef0193b7fddb548d37e652", "format-version": 4, "code-base-name": "default", "filename": "creativeconnect_frontend/post_process_status.lock", "revision_history": [{"77": "288894affa337c4a62361521a4f025bf60c5a769"}]}